// !$*UTF8*$!
{
	archiveVersion = 1;
	classes = {
	};
	objectVersion = 46;
	objects = {

/* Begin PBXBuildFile section */
		48A79D341C1480E1000F82E7 /* main.m in Sources */ = {isa = PBXBuildFile; fileRef = 48A79D331C1480E1000F82E7 /* main.m */; };
		48A79D361C1480E1000F82E7 /* Assets.xcassets in Resources */ = {isa = PBXBuildFile; fileRef = 48A79D351C1480E1000F82E7 /* Assets.xcassets */; };
		48A79D471C1485E6000F82E7 /* PreferenceManager.m in Sources */ = {isa = PBXBuildFile; fileRef = 48A79D401C1485E6000F82E7 /* PreferenceManager.m */; };
		48A79D481C1485E6000F82E7 /* AppDelegate.m in Sources */ = {isa = PBXBuildFile; fileRef = 48A79D411C1485E6000F82E7 /* AppDelegate.m */; };
		48A79D491C1485E6000F82E7 /* PreferenceManager.xib in Resources */ = {isa = PBXBuildFile; fileRef = 48A79D421C1485E6000F82E7 /* PreferenceManager.xib */; };
		48A79D4A1C1485E6000F82E7 /* InsomniaIcon20.png in Resources */ = {isa = PBXBuildFile; fileRef = 48A79D451C1485E6000F82E7 /* InsomniaIcon20.png */; };
		48A79D4B1C1485E6000F82E7 /* InsomniaXIcon20.png in Resources */ = {isa = PBXBuildFile; fileRef = 48A79D461C1485E6000F82E7 /* InsomniaXIcon20.png */; };
/* End PBXBuildFile section */

/* Begin PBXFileReference section */
		48A79D2C1C1480E1000F82E7 /* Insomnia-ObjC.app */ = {isa = PBXFileReference; explicitFileType = wrapper.application; includeInIndex = 0; path = "Insomnia-ObjC.app"; sourceTree = BUILT_PRODUCTS_DIR; };
		48A79D331C1480E1000F82E7 /* main.m */ = {isa = PBXFileReference; lastKnownFileType = sourcecode.c.objc; path = main.m; sourceTree = "<group>"; };
		48A79D351C1480E1000F82E7 /* Assets.xcassets */ = {isa = PBXFileReference; lastKnownFileType = folder.assetcatalog; path = Assets.xcassets; sourceTree = "<group>"; };
		48A79D3A1C1480E1000F82E7 /* Info.plist */ = {isa = PBXFileReference; lastKnownFileType = text.plist.xml; path = Info.plist; sourceTree = "<group>"; };
		48A79D401C1485E6000F82E7 /* PreferenceManager.m */ = {isa = PBXFileReference; fileEncoding = 4; lastKnownFileType = sourcecode.c.objc; path = PreferenceManager.m; sourceTree = "<group>"; };
		48A79D411C1485E6000F82E7 /* AppDelegate.m */ = {isa = PBXFileReference; fileEncoding = 4; lastKnownFileType = sourcecode.c.objc; path = AppDelegate.m; sourceTree = "<group>"; };
		48A79D421C1485E6000F82E7 /* PreferenceManager.xib */ = {isa = PBXFileReference; fileEncoding = 4; lastKnownFileType = file.xib; path = PreferenceManager.xib; sourceTree = "<group>"; };
		48A79D431C1485E6000F82E7 /* PreferenceManager.h */ = {isa = PBXFileReference; fileEncoding = 4; lastKnownFileType = sourcecode.c.h; path = PreferenceManager.h; sourceTree = "<group>"; };
		48A79D441C1485E6000F82E7 /* AppDelegate.h */ = {isa = PBXFileReference; fileEncoding = 4; lastKnownFileType = sourcecode.c.h; path = AppDelegate.h; sourceTree = "<group>"; };
		48A79D451C1485E6000F82E7 /* InsomniaIcon20.png */ = {isa = PBXFileReference; lastKnownFileType = image.png; path = InsomniaIcon20.png; sourceTree = "<group>"; };
		48A79D461C1485E6000F82E7 /* InsomniaXIcon20.png */ = {isa = PBXFileReference; lastKnownFileType = image.png; path = InsomniaXIcon20.png; sourceTree = "<group>"; };
/* End PBXFileReference section */

/* Begin PBXFrameworksBuildPhase section */
		48A79D291C1480E1000F82E7 /* Frameworks */ = {
			isa = PBXFrameworksBuildPhase;
			buildActionMask = 2147483647;
			files = (
			);
			runOnlyForDeploymentPostprocessing = 0;
		};
/* End PBXFrameworksBuildPhase section */

/* Begin PBXGroup section */
		48A79D231C1480E1000F82E7 = {
			isa = PBXGroup;
			children = (
				48A79D2E1C1480E1000F82E7 /* Insomnia-ObjC */,
				48A79D2D1C1480E1000F82E7 /* Products */,
			);
			sourceTree = "<group>";
		};
		48A79D2D1C1480E1000F82E7 /* Products */ = {
			isa = PBXGroup;
			children = (
				48A79D2C1C1480E1000F82E7 /* Insomnia-ObjC.app */,
			);
			name = Products;
			sourceTree = "<group>";
		};
		48A79D2E1C1480E1000F82E7 /* Insomnia-ObjC */ = {
			isa = PBXGroup;
			children = (
				48A79D441C1485E6000F82E7 /* AppDelegate.h */,
				48A79D411C1485E6000F82E7 /* AppDelegate.m */,
				48A79D351C1480E1000F82E7 /* Assets.xcassets */,
				48A79D3A1C1480E1000F82E7 /* Info.plist */,
				48A79D451C1485E6000F82E7 /* InsomniaIcon20.png */,
				48A79D461C1485E6000F82E7 /* InsomniaXIcon20.png */,
				48A79D431C1485E6000F82E7 /* PreferenceManager.h */,
				48A79D401C1485E6000F82E7 /* PreferenceManager.m */,
				48A79D421C1485E6000F82E7 /* PreferenceManager.xib */,
				48A79D321C1480E1000F82E7 /* Supporting Files */,
			);
			path = "Insomnia-ObjC";
			sourceTree = "<group>";
		};
		48A79D321C1480E1000F82E7 /* Supporting Files */ = {
			isa = PBXGroup;
			children = (
				48A79D331C1480E1000F82E7 /* main.m */,
			);
			name = "Supporting Files";
			sourceTree = "<group>";
		};
/* End PBXGroup section */

/* Begin PBXNativeTarget section */
		48A79D2B1C1480E1000F82E7 /* Insomnia-ObjC */ = {
			isa = PBXNativeTarget;
			buildConfigurationList = 48A79D3D1C1480E1000F82E7 /* Build configuration list for PBXNativeTarget "Insomnia-ObjC" */;
			buildPhases = (
				48A79D281C1480E1000F82E7 /* Sources */,
				48A79D291C1480E1000F82E7 /* Frameworks */,
				48A79D2A1C1480E1000F82E7 /* Resources */,
			);
			buildRules = (
			);
			dependencies = (
			);
			name = "Insomnia-ObjC";
			productName = "Insomnia-ObjC";
			productReference = 48A79D2C1C1480E1000F82E7 /* Insomnia-ObjC.app */;
			productType = "com.apple.product-type.application";
		};
/* End PBXNativeTarget section */

/* Begin PBXProject section */
		48A79D241C1480E1000F82E7 /* Project object */ = {
			isa = PBXProject;
			attributes = {
				LastUpgradeCheck = 0710;
				ORGANIZATIONNAME = "Pat Wilson Software Design";
				TargetAttributes = {
					48A79D2B1C1480E1000F82E7 = {
						CreatedOnToolsVersion = 7.1.1;
					};
				};
			};
			buildConfigurationList = 48A79D271C1480E1000F82E7 /* Build configuration list for PBXProject "Insomnia-ObjC" */;
			compatibilityVersion = "Xcode 3.2";
			developmentRegion = English;
			hasScannedForEncodings = 0;
			knownRegions = (
				en,
				Base,
			);
			mainGroup = 48A79D231C1480E1000F82E7;
			productRefGroup = 48A79D2D1C1480E1000F82E7 /* Products */;
			projectDirPath = "";
			projectRoot = "";
			targets = (
				48A79D2B1C1480E1000F82E7 /* Insomnia-ObjC */,
			);
		};
/* End PBXProject section */

/* Begin PBXResourcesBuildPhase section */
		48A79D2A1C1480E1000F82E7 /* Resources */ = {
			isa = PBXResourcesBuildPhase;
			buildActionMask = 2147483647;
			files = (
				48A79D491C1485E6000F82E7 /* PreferenceManager.xib in Resources */,
				48A79D361C1480E1000F82E7 /* Assets.xcassets in Resources */,
				48A79D4A1C1485E6000F82E7 /* InsomniaIcon20.png in Resources */,
				48A79D4B1C1485E6000F82E7 /* InsomniaXIcon20.png in Resources */,
			);
			runOnlyForDeploymentPostprocessing = 0;
		};
/* End PBXResourcesBuildPhase section */

/* Begin PBXSourcesBuildPhase section */
		48A79D281C1480E1000F82E7 /* Sources */ = {
			isa = PBXSourcesBuildPhase;
			buildActionMask = 2147483647;
			files = (
				48A79D471C1485E6000F82E7 /* PreferenceManager.m in Sources */,
				48A79D341C1480E1000F82E7 /* main.m in Sources */,
				48A79D481C1485E6000F82E7 /* AppDelegate.m in Sources */,
			);
			runOnlyForDeploymentPostprocessing = 0;
		};
/* End PBXSourcesBuildPhase section */

/* Begin XCBuildConfiguration section */
		48A79D3B1C1480E1000F82E7 /* Debug */ = {
			isa = XCBuildConfiguration;
			buildSettings = {
				ALWAYS_SEARCH_USER_PATHS = NO;
				CLANG_CXX_LANGUAGE_STANDARD = "gnu++0x";
				CLANG_CXX_LIBRARY = "libc++";
				CLANG_ENABLE_MODULES = YES;
				CLANG_ENABLE_OBJC_ARC = YES;
				CLANG_WARN_BOOL_CONVERSION = YES;
				CLANG_WARN_CONSTANT_CONVERSION = YES;
				CLANG_WARN_DIRECT_OBJC_ISA_USAGE = YES_ERROR;
				CLANG_WARN_EMPTY_BODY = YES;
				CLANG_WARN_ENUM_CONVERSION = YES;
				CLANG_WARN_INT_CONVERSION = YES;
				CLANG_WARN_OBJC_ROOT_CLASS = YES_ERROR;
				CLANG_WARN_UNREACHABLE_CODE = YES;
				CLANG_WARN__DUPLICATE_METHOD_MATCH = YES;
				CODE_SIGN_IDENTITY = "-";
				COPY_PHASE_STRIP = NO;
				DEBUG_INFORMATION_FORMAT = dwarf;
				ENABLE_STRICT_OBJC_MSGSEND = YES;
				ENABLE_TESTABILITY = YES;
				GCC_C_LANGUAGE_STANDARD = gnu99;
				GCC_DYNAMIC_NO_PIC = NO;
				GCC_NO_COMMON_BLOCKS = YES;
				GCC_OPTIMIZATION_LEVEL = 0;
				GCC_PREPROCESSOR_DEFINITIONS = (
					"DEBUG=1",
					"$(inherited)",
				);
				GCC_WARN_64_TO_32_BIT_CONVERSION = YES;
				GCC_WARN_ABOUT_RETURN_TYPE = YES_ERROR;
				GCC_WARN_UNDECLARED_SELECTOR = YES;
				GCC_WARN_UNINITIALIZED_AUTOS = YES_AGGRESSIVE;
				GCC_WARN_UNUSED_FUNCTION = YES;
				GCC_WARN_UNUSED_VARIABLE = YES;
				MACOSX_DEPLOYMENT_TARGET = 10.10;
				MTL_ENABLE_DEBUG_INFO = YES;
				ONLY_ACTIVE_ARCH = YES;
				SDKROOT = macosx;
			};
			name = Debug;
		};
		48A79D3C1C1480E1000F82E7 /* Release */ = {
			isa = XCBuildConfiguration;
			buildSettings = {
				ALWAYS_SEARCH_USER_PATHS = NO;
				CLANG_CXX_LANGUAGE_STANDARD = "gnu++0x";
				CLANG_CXX_LIBRARY = "libc++";
				CLANG_ENABLE_MODULES = YES;
				CLANG_ENABLE_OBJC_ARC = YES;
				CLANG_WARN_BOOL_CONVERSION = YES;
				CLANG_WARN_CONSTANT_CONVERSION = YES;
				CLANG_WARN_DIRECT_OBJC_ISA_USAGE = YES_ERROR;
				CLANG_WARN_EMPTY_BODY = YES;
				CLANG_WARN_ENUM_CONVERSION = YES;
				CLANG_WARN_INT_CONVERSION = YES;
				CLANG_WARN_OBJC_ROOT_CLASS = YES_ERROR;
				CLANG_WARN_UNREACHABLE_CODE = YES;
				CLANG_WARN__DUPLICATE_METHOD_MATCH = YES;
				CODE_SIGN_IDENTITY = "-";
				COPY_PHASE_STRIP = NO;
				DEBUG_INFORMATION_FORMAT = "dwarf-with-dsym";
				ENABLE_NS_ASSERTIONS = NO;
				ENABLE_STRICT_OBJC_MSGSEND = YES;
				GCC_C_LANGUAGE_STANDARD = gnu99;
				GCC_NO_COMMON_BLOCKS = YES;
				GCC_WARN_64_TO_32_BIT_CONVERSION = YES;
				GCC_WARN_ABOUT_RETURN_TYPE = YES_ERROR;
				GCC_WARN_UNDECLARED_SELECTOR = YES;
				GCC_WARN_UNINITIALIZED_AUTOS = YES_AGGRESSIVE;
				GCC_WARN_UNUSED_FUNCTION = YES;
				GCC_WARN_UNUSED_VARIABLE = YES;
				MACOSX_DEPLOYMENT_TARGET = 10.10;
				MTL_ENABLE_DEBUG_INFO = NO;
				SDKROOT = macosx;
			};
			name = Release;
		};
		48A79D3E1C1480E1000F82E7 /* Debug */ = {
			isa = XCBuildConfiguration;
			buildSettings = {
				ASSETCATALOG_COMPILER_APPICON_NAME = AppIcon;
				COMBINE_HIDPI_IMAGES = YES;
				INFOPLIST_FILE = "Insomnia-ObjC/Info.plist";
				LD_RUNPATH_SEARCH_PATHS = "$(inherited) @executable_path/../Frameworks";
				PRODUCT_BUNDLE_IDENTIFIER = "com.PWSD.Insomnia-ObjC";
				PRODUCT_NAME = "$(TARGET_NAME)";
			};
			name = Debug;
		};
		48A79D3F1C1480E1000F82E7 /* Release */ = {
			isa = XCBuildConfiguration;
			buildSettings = {
				ASSETCATALOG_COMPILER_APPICON_NAME = AppIcon;
				COMBINE_HIDPI_IMAGES = YES;
				INFOPLIST_FILE = "Insomnia-ObjC/Info.plist";
				LD_RUNPATH_SEARCH_PATHS = "$(inherited) @executable_path/../Frameworks";
				PRODUCT_BUNDLE_IDENTIFIER = "com.PWSD.Insomnia-ObjC";
				PRODUCT_NAME = "$(TARGET_NAME)";
			};
			name = Release;
		};
/* End XCBuildConfiguration section */

/* Begin XCConfigurationList section */
		48A79D271C1480E1000F82E7 /* Build configuration list for PBXProject "Insomnia-ObjC" */ = {
			isa = XCConfigurationList;
			buildConfigurations = (
				48A79D3B1C1480E1000F82E7 /* Debug */,
				48A79D3C1C1480E1000F82E7 /* Release */,
			);
			defaultConfigurationIsVisible = 0;
			defaultConfigurationName = Release;
		};
		48A79D3D1C1480E1000F82E7 /* Build configuration list for PBXNativeTarget "Insomnia-ObjC" */ = {
			isa = XCConfigurationList;
			buildConfigurations = (
				48A79D3E1C1480E1000F82E7 /* Debug */,
				48A79D3F1C1480E1000F82E7 /* Release */,
			);
			defaultConfigurationIsVisible = 0;
			defaultConfigurationName = Release;
		};
/* End XCConfigurationList section */
	};
	rootObject = 48A79D241C1480E1000F82E7 /* Project object */;
}
